<?xml version="1.0" encoding="utf-8"?>
<Project ToolsVersion="4.0" xmlns="http://schemas.microsoft.com/developer/msbuild/2003">
  <ItemGroup>
    <Filter Include="Source Files">
      <UniqueIdentifier>{4FC737F1-C7A5-4376-A066-2A32D752A2FF}</UniqueIdentifier>
      <Extensions>cpp;c;cc;cxx;def;odl;idl;hpj;bat;asm;asmx</Extensions>
    </Filter>
    <Filter Include="Header Files">
      <UniqueIdentifier>{93995380-89BD-4b04-88EB-625FBE52EBFB}</UniqueIdentifier>
      <Extensions>h;hh;hpp;hxx;hm;inl;inc;xsd</Extensions>
    </Filter>
    <Filter Include="Resource Files">
      <UniqueIdentifier>{67DA6AB6-F800-4c08-8B7A-83BB121AAD01}</UniqueIdentifier>
      <Extensions>rc;ico;cur;bmp;dlg;rc2;rct;bin;rgs;gif;jpg;jpeg;jpe;resx;tiff;tif;png;wav;mfcribbon-ms</Extensions>
    </Filter>
    <Filter Include="Header Files\TestObjects">
      <UniqueIdentifier>{41fdbc0e-9437-420a-b168-308836766dbc}</UniqueIdentifier>
    </Filter>
    <Filter Include="Header Files\Functor">
      <UniqueIdentifier>{50bb902e-24b6-44b2-80a2-37dc99e045c4}</UniqueIdentifier>
    </Filter>
    <Filter Include="Header Files\Tests">
      <UniqueIdentifier>{bd701d4f-347f-4d3a-8982-39b0557a9cb5}</UniqueIdentifier>
    </Filter>
    <Filter Include="Header Files\Iterators">
      <UniqueIdentifier>{77d1cea4-9fb3-4192-8c3f-88f7019e9e59}</UniqueIdentifier>
    </Filter>
    <Filter Include="Header Files\Helpers">
      <UniqueIdentifier>{9010d0f1-435a-4327-a5ea-961705bf1177}</UniqueIdentifier>
    </Filter>
    <Filter Include="Source Files\Tests">
      <UniqueIdentifier>{c5571509-0155-4f2f-b918-f745c8491b64}</UniqueIdentifier>
    </Filter>
    <Filter Include="Source Files\Helpers">
      <UniqueIdentifier>{14f428b5-ff65-4e25-80ca-9372f571d509}</UniqueIdentifier>
    </Filter>
  </ItemGroup>
  <ItemGroup>
    <ClInclude Include="CommonHeaders.h">
      <Filter>Header Files</Filter>
    </ClInclude>
    <ClInclude Include="ListElement.h">
      <Filter>Header Files</Filter>
    </ClInclude>
    <ClInclude Include="List.h">
      <Filter>Header Files</Filter>
    </ClInclude>
    <ClInclude Include="Deleter.h">
      <Filter>Header Files</Filter>
    </ClInclude>
    <ClInclude Include="CyclicList.h">
      <Filter>Header Files</Filter>
    </ClInclude>
    <ClInclude Include="CyclicListTester.h">
      <Filter>Header Files\Tests</Filter>
    </ClInclude>
    <ClInclude Include="TestObject.h">
      <Filter>Header Files\TestObjects</Filter>
    </ClInclude>
    <ClInclude Include="TestObjectMoreComplex.h">
      <Filter>Header Files\TestObjects</Filter>
    </ClInclude>
    <ClInclude Include="BinaryFunctor.h">
      <Filter>Header Files\Functor</Filter>
    </ClInclude>
    <ClInclude Include="CompareFunctor.h">
      <Filter>Header Files\Functor</Filter>
    </ClInclude>
    <ClInclude Include="Functor.h">
      <Filter>Header Files\Functor</Filter>
    </ClInclude>
    <ClInclude Include="ListTester.h">
      <Filter>Header Files\Tests</Filter>
    </ClInclude>
    <ClInclude Include="ListIterator.h">
      <Filter>Header Files\Iterators</Filter>
    </ClInclude>
    <ClInclude Include="CyclicListIterator.h">
      <Filter>Header Files\Iterators</Filter>
    </ClInclude>
    <ClInclude Include="Comparer.h">
      <Filter>Header Files\Tests</Filter>
    </ClInclude>
    <ClInclude Include="FileReader.h">
      <Filter>Header Files\Helpers</Filter>
    </ClInclude>
    <ClInclude Include="NumbersGenerator.h">
      <Filter>Header Files\Helpers</Filter>
    </ClInclude>
    <ClInclude Include="Printer.h">
      <Filter>Header Files\Helpers</Filter>
    </ClInclude>
  </ItemGroup>
  <ItemGroup>
    <ClCompile Include="main.cpp">
      <Filter>Source Files</Filter>
    </ClCompile>
    <ClCompile Include="Comparer.cpp">
      <Filter>Source Files\Tests</Filter>
    </ClCompile>
    <ClCompile Include="CyclicListTester.cpp">
      <Filter>Source Files\Tests</Filter>
    </ClCompile>
    <ClCompile Include="ListTester.cpp">
      <Filter>Source Files\Tests</Filter>
    </ClCompile>
    <ClCompile Include="FileReader.cpp">
      <Filter>Source Files\Helpers</Filter>
    </ClCompile>
    <ClCompile Include="NumbersGenerator.cpp">
      <Filter>Source Files\Helpers</Filter>
    </ClCompile>
    <ClCompile Include="Printer.cpp">
      <Filter>Source Files\Helpers</Filter>
    </ClCompile>
  </ItemGroup>
</Project>